
Microsoft Visual Studio Solution File, Format Version 12.00
# Visual Studio Version 16
VisualStudioVersion = 16.0.30204.135
MinimumVisualStudioVersion = 10.0.40219.1
Project("{9A19103F-16F7-4668-BE54-9A1E7A4F7556}") = "TSTB.Web", "TSTB.Web\TSTB.Web.csproj", "{F8703DC1-5A92-424C-8252-3EC8BA6655BC}"
EndProject
Project("{9A19103F-16F7-4668-BE54-9A1E7A4F7556}") = "TSTB.DAL", "TSTB.DAL\TSTB.DAL.csproj", "{BF801FEF-3E11-4801-AA03-DBFF66CEEA98}"
EndProject
Project("{9A19103F-16F7-4668-BE54-9A1E7A4F7556}") = "TSTB.BLL", "TSTB.BLL\TSTB.BLL.csproj", "{2AB09885-D1BE-4AEE-8C96-D453D6E470AF}"
EndProject
Global
	GlobalSection(SolutionConfigurationPlatforms) = preSolution
		Debug|Any CPU = Debug|Any CPU
		Release|Any CPU = Release|Any CPU
	EndGlobalSection
	GlobalSection(ProjectConfigurationPlatforms) = postSolution
		{F8703DC1-5A92-424C-8252-3EC8BA6655BC}.Debug|Any CPU.ActiveCfg = Debug|Any CPU
		{F8703DC1-5A92-424C-8252-3EC8BA6655BC}.Debug|Any CPU.Build.0 = Debug|Any CPU
		{F8703DC1-5A92-424C-8252-3EC8BA6655BC}.Release|Any CPU.ActiveCfg = Release|Any CPU
		{F8703DC1-5A92-424C-8252-3EC8BA6655BC}.Release|Any CPU.Build.0 = Release|Any CPU
		{BF801FEF-3E11-4801-AA03-DBFF66CEEA98}.Debug|Any CPU.ActiveCfg = Debug|Any CPU
		{BF801FEF-3E11-4801-AA03-DBFF66CEEA98}.Debug|Any CPU.Build.0 = Debug|Any CPU
		{BF801FEF-3E11-4801-AA03-DBFF66CEEA98}.Release|Any CPU.ActiveCfg = Release|Any CPU
		{BF801FEF-3E11-4801-AA03-DBFF66CEEA98}.Release|Any CPU.Build.0 = Release|Any CPU
		{2AB09885-D1BE-4AEE-8C96-D453D6E470AF}.Debug|Any CPU.ActiveCfg = Debug|Any CPU
		{2AB09885-D1BE-4AEE-8C96-D453D6E470AF}.Debug|Any CPU.Build.0 = Debug|Any CPU
		{2AB09885-D1BE-4AEE-8C96-D453D6E470AF}.Release|Any CPU.ActiveCfg = Release|Any CPU
		{2AB09885-D1BE-4AEE-8C96-D453D6E470AF}.Release|Any CPU.Build.0 = Release|Any CPU
	EndGlobalSection
	GlobalSection(SolutionProperties) = preSolution
		HideSolutionNode = FALSE
	EndGlobalSection
	GlobalSection(ExtensibilityGlobals) = postSolution
		SolutionGuid = {894A5EBD-DF58-4F68-B584-05CA4A2E4811}
	EndGlobalSection
EndGlobal
